
Microsoft Visual Studio Solution File, Format Version 12.00
# Visual Studio Version 17
VisualStudioVersion = 17.2.32602.215
MinimumVisualStudioVersion = 10.0.40219.1
Project("{FAE04EC0-301F-11D3-BF4B-00C04F79EFBC}") = "phonebook-backend-cs", "phonebook-backend-cs\phonebook-backend-cs.csproj", "{9CE48FDC-FF2E-4E95-AC53-7DF066E866FC}"
EndProject
Global
	GlobalSection(SolutionConfigurationPlatforms) = preSolution
		Debug|Any CPU = Debug|Any CPU
		Release|Any CPU = Release|Any CPU
	EndGlobalSection
	GlobalSection(ProjectConfigurationPlatforms) = postSolution
		{9CE48FDC-FF2E-4E95-AC53-7DF066E866FC}.Debug|Any CPU.ActiveCfg = Debug|Any CPU
		{9CE48FDC-FF2E-4E95-AC53-7DF066E866FC}.Debug|Any CPU.Build.0 = Debug|Any CPU
		{9CE48FDC-FF2E-4E95-AC53-7DF066E866FC}.Release|Any CPU.ActiveCfg = Release|Any CPU
		{9CE48FDC-FF2E-4E95-AC53-7DF066E866FC}.Release|Any CPU.Build.0 = Release|Any CPU
	EndGlobalSection
	GlobalSection(SolutionProperties) = preSolution
		HideSolutionNode = FALSE
	EndGlobalSection
	GlobalSection(ExtensibilityGlobals) = postSolution
		SolutionGuid = {43472EC5-15DF-4812-845F-9B603EE7CE36}
	EndGlobalSection
EndGlobal
